
Microsoft Visual Studio Solution File, Format Version 12.00
# Visual Studio Version 17
VisualStudioVersion = 17.14.36623.8
MinimumVisualStudioVersion = 10.0.40219.1
Project("{FAE04EC0-301F-11D3-BF4B-00C04F79EFBC}") = "SkinMarket", "SkinMarket.csproj", "{489AB068-D8AC-425B-A3D6-54639847EF72}"
EndProject
Project("{FAE04EC0-301F-11D3-BF4B-00C04F79EFBC}") = "SkinMarket.Tests", "..\SkinMarket.Tests\SkinMarket.Tests.csproj", "{ADEFA300-C522-4AFE-90BC-8544045018B5}"
EndProject
Global
	GlobalSection(SolutionConfigurationPlatforms) = preSolution
		Debug|Any CPU = Debug|Any CPU
		Debug|x64 = Debug|x64
		Debug|x86 = Debug|x86
		Release|Any CPU = Release|Any CPU
		Release|x64 = Release|x64
		Release|x86 = Release|x86
	EndGlobalSection
	GlobalSection(ProjectConfigurationPlatforms) = postSolution
		{489AB068-D8AC-425B-A3D6-54639847EF72}.Debug|Any CPU.ActiveCfg = Debug|Any CPU
		{489AB068-D8AC-425B-A3D6-54639847EF72}.Debug|Any CPU.Build.0 = Debug|Any CPU
		{489AB068-D8AC-425B-A3D6-54639847EF72}.Debug|x64.ActiveCfg = Debug|Any CPU
		{489AB068-D8AC-425B-A3D6-54639847EF72}.Debug|x64.Build.0 = Debug|Any CPU
		{489AB068-D8AC-425B-A3D6-54639847EF72}.Debug|x86.ActiveCfg = Debug|Any CPU
		{489AB068-D8AC-425B-A3D6-54639847EF72}.Debug|x86.Build.0 = Debug|Any CPU
		{489AB068-D8AC-425B-A3D6-54639847EF72}.Release|Any CPU.ActiveCfg = Release|Any CPU
		{489AB068-D8AC-425B-A3D6-54639847EF72}.Release|Any CPU.Build.0 = Release|Any CPU
		{489AB068-D8AC-425B-A3D6-54639847EF72}.Release|x64.ActiveCfg = Release|Any CPU
		{489AB068-D8AC-425B-A3D6-54639847EF72}.Release|x64.Build.0 = Release|Any CPU
		{489AB068-D8AC-425B-A3D6-54639847EF72}.Release|x86.ActiveCfg = Release|Any CPU
		{489AB068-D8AC-425B-A3D6-54639847EF72}.Release|x86.Build.0 = Release|Any CPU
		{ADEFA300-C522-4AFE-90BC-8544045018B5}.Debug|Any CPU.ActiveCfg = Debug|Any CPU
		{ADEFA300-C522-4AFE-90BC-8544045018B5}.Debug|Any CPU.Build.0 = Debug|Any CPU
		{ADEFA300-C522-4AFE-90BC-8544045018B5}.Debug|x64.ActiveCfg = Debug|Any CPU
		{ADEFA300-C522-4AFE-90BC-8544045018B5}.Debug|x64.Build.0 = Debug|Any CPU
		{ADEFA300-C522-4AFE-90BC-8544045018B5}.Debug|x86.ActiveCfg = Debug|Any CPU
		{ADEFA300-C522-4AFE-90BC-8544045018B5}.Debug|x86.Build.0 = Debug|Any CPU
		{ADEFA300-C522-4AFE-90BC-8544045018B5}.Release|Any CPU.ActiveCfg = Release|Any CPU
		{ADEFA300-C522-4AFE-90BC-8544045018B5}.Release|Any CPU.Build.0 = Release|Any CPU
		{ADEFA300-C522-4AFE-90BC-8544045018B5}.Release|x64.ActiveCfg = Release|Any CPU
		{ADEFA300-C522-4AFE-90BC-8544045018B5}.Release|x64.Build.0 = Release|Any CPU
		{ADEFA300-C522-4AFE-90BC-8544045018B5}.Release|x86.ActiveCfg = Release|Any CPU
		{ADEFA300-C522-4AFE-90BC-8544045018B5}.Release|x86.Build.0 = Release|Any CPU
	EndGlobalSection
	GlobalSection(SolutionProperties) = preSolution
		HideSolutionNode = FALSE
	EndGlobalSection
	GlobalSection(ExtensibilityGlobals) = postSolution
		SolutionGuid = {FC78EF2C-16F6-4876-A246-8FF44503D943}
	EndGlobalSection
EndGlobal
